{
  "nodes": {
    "darwin": {
      "inputs": {
        "nixpkgs": [
          "nixpkgs"
        ]
      },
      "locked": {
        "lastModified": 1651916036,
        "narHash": "sha256-UuD9keUGm4IuVEV6wdSYbuRm7CwfXE63hVkzKDjVsh4=",
        "owner": "lnl7",
        "repo": "nix-darwin",
        "rev": "2f2bdf658d2b79bada78dc914af99c53cad37cba",
        "type": "github"
      },
      "original": {
        "owner": "lnl7",
        "repo": "nix-darwin",
        "type": "github"
      }
    },
    "fish-rbenv": {
      "flake": false,
      "locked": {
        "lastModified": 1635910292,
        "narHash": "sha256-HLBMM/134IF4ct6k/h328iKAuITh7NxNsovcbsQ+Ydk=",
        "owner": "piperswe",
        "repo": "fish-rbenv",
        "rev": "c4cc7859c8229591aba0a2b539f44306753de08e",
        "type": "github"
      },
      "original": {
        "owner": "piperswe",
        "ref": "patch-1",
        "repo": "fish-rbenv",
        "type": "github"
      }
    },
    "fish-theme-sushi": {
      "flake": false,
      "locked": {
        "lastModified": 1632077084,
        "narHash": "sha256-kKd2DADh1rerfwA/Da+/43xi8U8JYaWVvyS4vReGcIM=",
        "owner": "umayr",
        "repo": "theme-sushi",
        "rev": "2bd0236872de5c05f9eab7840cc90f836dd0e3c6",
        "type": "github"
      },
      "original": {
        "owner": "umayr",
        "repo": "theme-sushi",
        "type": "github"
      }
    },
    "flake-utils": {
      "locked": {
        "lastModified": 1652776076,
        "narHash": "sha256-gzTw/v1vj4dOVbpBSJX4J0DwUR6LIyXo7/SuuTJp1kM=",
        "owner": "numtide",
        "repo": "flake-utils",
        "rev": "04c1b180862888302ddfb2e3ad9eaa63afc60cf8",
        "type": "github"
      },
      "original": {
        "owner": "numtide",
        "repo": "flake-utils",
        "type": "github"
      }
    },
    "gitignore": {
      "flake": false,
      "locked": {
        "lastModified": 1652202930,
        "narHash": "sha256-BX3NNgZzA/vfP8ttso1fESggbVpQQhYA6DsTrqCsHSA=",
        "owner": "github",
        "repo": "gitignore",
        "rev": "e5323759e387ba347a9d50f8b0ddd16502eb71d4",
        "type": "github"
      },
      "original": {
        "owner": "github",
        "repo": "gitignore",
        "type": "github"
      }
    },
    "home-manager": {
      "inputs": {
        "nixpkgs": [
          "nixpkgs"
        ]
      },
      "locked": {
        "lastModified": 1652996682,
        "narHash": "sha256-7ZWyd5W2tM/uxXGn16AJUXenlGPUt/r6zitEcorz5j0=",
        "owner": "nix-community",
        "repo": "home-manager",
        "rev": "02b15de8ad714409358cffdc6ed518ade03402c4",
        "type": "github"
      },
      "original": {
        "owner": "nix-community",
        "repo": "home-manager",
        "type": "github"
      }
    },
    "hydra": {
      "inputs": {
        "newNixpkgs": "newNixpkgs",
        "nix": "nix",
        "nixpkgs": [
          "nixpkgs"
        ]
      },
      "locked": {
        "lastModified": 1652888930,
        "narHash": "sha256-g1j0EMMdekvcFOVCVjcPWMzDSJrRk7EOHolxy6A8BNU=",
        "owner": "nixos",
        "repo": "hydra",
        "rev": "27023b514a84999131c9d26108502fbc53296a7f",
        "type": "github"
      },
      "original": {
        "owner": "nixos",
        "repo": "hydra",
        "type": "github"
      }
    },
    "lowdown-src": {
      "flake": false,
      "locked": {
        "lastModified": 1633514407,
        "narHash": "sha256-Dw32tiMjdK9t3ETl5fzGrutQTzh2rufgZV4A/BbxuD4=",
        "owner": "kristapsdz",
        "repo": "lowdown",
        "rev": "d2c2b44ff6c27b936ec27358a2653caaef8f73b8",
        "type": "github"
      },
      "original": {
        "owner": "kristapsdz",
        "repo": "lowdown",
        "type": "github"
      }
    },
    "newNixpkgs": {
      "locked": {
        "lastModified": 1647380550,
        "narHash": "sha256-909TI9poX7CIUiFx203WL29YON6m/I6k0ExbZvR7bLM=",
        "owner": "NixOS",
        "repo": "nixpkgs",
        "rev": "6e3ee8957637a60f5072e33d78e05c0f65c54366",
        "type": "github"
      },
      "original": {
        "owner": "NixOS",
        "ref": "nixos-unstable-small",
        "repo": "nixpkgs",
        "type": "github"
      }
    },
    "nix": {
      "inputs": {
        "lowdown-src": "lowdown-src",
        "nixpkgs": "nixpkgs",
        "nixpkgs-regression": "nixpkgs-regression"
      },
      "locked": {
        "lastModified": 1649172203,
        "narHash": "sha256-Q3nYaXqbseDOvZrlePKeIrx0/KzqyrtNpxHIUbtFHuI=",
        "owner": "NixOS",
        "repo": "nix",
        "rev": "5fe4fe823c193cbb7bfa05a468de91eeab09058d",
        "type": "github"
      },
      "original": {
        "id": "nix",
        "type": "indirect"
      }
    },
    "nixos-hardware": {
      "locked": {
        "lastModified": 1650522846,
        "narHash": "sha256-SxWHXRI3qJwswyXAtzsi6PKVY3KLNNnb072KaJthII8=",
        "owner": "nixos",
        "repo": "nixos-hardware",
        "rev": "6b4ebea9093c997c5f275c820e679108de4871ab",
        "type": "github"
      },
      "original": {
        "owner": "nixos",
        "repo": "nixos-hardware",
        "type": "github"
      }
    },
    "nixpkgs": {
      "locked": {
        "lastModified": 1645296114,
        "narHash": "sha256-y53N7TyIkXsjMpOG7RhvqJFGDacLs9HlyHeSTBioqYU=",
        "owner": "NixOS",
        "repo": "nixpkgs",
        "rev": "530a53dcbc9437363471167a5e4762c5fcfa34a1",
        "type": "github"
      },
      "original": {
        "id": "nixpkgs",
        "ref": "nixos-21.05-small",
        "type": "indirect"
      }
    },
    "nixpkgs-master": {
      "locked": {
        "lastModified": 1652999254,
        "narHash": "sha256-UdTpKxhsfNI21riEP9qVoloxcJvqnUcb4ZHEUcV1QNg=",
        "owner": "nixos",
        "repo": "nixpkgs",
        "rev": "4aca02bc589d39c428df0714d6ca3019d41deceb",
        "type": "github"
      },
      "original": {
        "owner": "nixos",
        "repo": "nixpkgs",
        "type": "github"
      }
    },
    "nixpkgs-piper-bootstrap": {
      "locked": {
        "lastModified": 1634246134,
        "narHash": "sha256-XaJGlZP8YELmAyS7dvCQy44sZ0gaJZxgF6tQmErYdN0=",
        "owner": "piperswe",
        "repo": "nixpkgs",
        "rev": "44cdd2c337b366e61bcf622e012d9592f49c3794",
        "type": "github"
      },
      "original": {
        "owner": "piperswe",
        "ref": "piper/bootstrap-ppc64le-and-sparc64",
        "repo": "nixpkgs",
        "type": "github"
      }
    },
    "nixpkgs-regression": {
      "locked": {
        "lastModified": 1643052045,
        "narHash": "sha256-uGJ0VXIhWKGXxkeNnq4TvV3CIOkUJ3PAoLZ3HMzNVMw=",
        "owner": "NixOS",
        "repo": "nixpkgs",
        "rev": "215d4d0fd80ca5163643b03a33fde804a29cc1e2",
        "type": "github"
      },
      "original": {
        "id": "nixpkgs",
        "rev": "215d4d0fd80ca5163643b03a33fde804a29cc1e2",
        "type": "indirect"
      }
    },
    "nixpkgs_2": {
      "locked": {
        "lastModified": 1652840887,
        "narHash": "sha256-gEK4NNa4GwIgTZE63kt/4WTFAWRTJVSa30+h4ZjFh9U=",
        "owner": "nixos",
        "repo": "nixpkgs",
        "rev": "52dc75a4fee3fdbcb792cb6fba009876b912bfe0",
        "type": "github"
      },
      "original": {
        "owner": "nixos",
        "ref": "nixpkgs-unstable",
        "repo": "nixpkgs",
        "type": "github"
      }
    },
    "nur": {
      "locked": {
        "lastModified": 1653000092,
        "narHash": "sha256-SivCD3DEU5LjM4FlxWfAVmpJp7Vn/KCxKij0hNcyDDU=",
        "owner": "nix-community",
        "repo": "nur",
        "rev": "791c6278ba5e064b493a4fc83afc5e3e532e5bb1",
        "type": "github"
      },
      "original": {
        "owner": "nix-community",
        "repo": "nur",
        "type": "github"
      }
    },
    "root": {
      "inputs": {
        "darwin": "darwin",
        "fish-rbenv": "fish-rbenv",
        "fish-theme-sushi": "fish-theme-sushi",
        "flake-utils": "flake-utils",
        "gitignore": "gitignore",
        "home-manager": "home-manager",
        "hydra": "hydra",
        "nixos-hardware": "nixos-hardware",
        "nixpkgs": "nixpkgs_2",
        "nixpkgs-master": "nixpkgs-master",
        "nixpkgs-piper-bootstrap": "nixpkgs-piper-bootstrap",
        "nur": "nur"
      }
    }
  },
  "root": "root",
  "version": 7
}
